
Microsoft Visual Studio Solution File, Format Version 12.00
# Visual Studio 15
VisualStudioVersion = 15.0.26430.6
MinimumVisualStudioVersion = 10.0.40219.1
Project("{2150E333-8FDC-42A3-9474-1A3956D46DE8}") = "UnitTests", "UnitTests", "{5A0E42D9-B8D8-4EFD-AAD9-0C15387A934C}"
EndProject
Project("{2150E333-8FDC-42A3-9474-1A3956D46DE8}") = "Common", "Common", "{3A786F7A-BACB-494A-BBDC-96D9C1B7685C}"
EndProject
Project("{2150E333-8FDC-42A3-9474-1A3956D46DE8}") = "Algorithms", "Algorithms", "{BFC0E3DA-ED79-46B5-BC7D-04E3FB6D6E43}"
EndProject
Project("{2150E333-8FDC-42A3-9474-1A3956D46DE8}") = "Common", "Common", "{F3412EB5-9243-492B-93D8-5D9B646B1F47}"
EndProject
Project("{2150E333-8FDC-42A3-9474-1A3956D46DE8}") = "Algorithms", "Algorithms", "{9FEDF872-BFF4-471C-B2C0-CDE555DFA043}"
EndProject
Project("{2150E333-8FDC-42A3-9474-1A3956D46DE8}") = "Math", "Math", "{6EF81B2F-B21E-4186-9CE1-32A9C41FA0BD}"
EndProject
Project("{2150E333-8FDC-42A3-9474-1A3956D46DE8}") = "CodeBase", "CodeBase", "{A0034838-89CE-4FE2-AA39-9AC1C213B75D}"
	ProjectSection(SolutionItems) = preProject
		TODO.txt = TODO.txt
	EndProjectSection
EndProject
Project("{2150E333-8FDC-42A3-9474-1A3956D46DE8}") = "Math", "Math", "{25DF2998-FB66-455A-8600-CB24034EF373}"
EndProject
Project("{FAE04EC0-301F-11D3-BF4B-00C04F79EFBC}") = "Dasmic.MLLib.Algorithms.Bayesian", "CodeBase\Algorithms\Dasmic.MLLib.Algorithms.Bayesian\Dasmic.MLLib.Algorithms.Bayesian.csproj", "{A86062FD-B68C-48A5-85BD-50B66354987D}"
EndProject
Project("{FAE04EC0-301F-11D3-BF4B-00C04F79EFBC}") = "Dasmic.MLLib.Algorithms.DecisionTree", "CodeBase\Algorithms\Dasmic.MLLib.Algorithms.DecisionTree\Dasmic.MLLib.Algorithms.DecisionTree.csproj", "{8B92BCE2-C018-436B-B97B-95BA85422319}"
EndProject
Project("{FAE04EC0-301F-11D3-BF4B-00C04F79EFBC}") = "Dasmic.MLLib.Algorithms.DiscriminantAnalysis", "CodeBase\Algorithms\Dasmic.MLLib.Algorithms.DiscriminantAnalysis\Dasmic.MLLib.Algorithms.DiscriminantAnalysis.csproj", "{C237EF28-DD52-4E7D-B1F0-677288CE0461}"
EndProject
Project("{FAE04EC0-301F-11D3-BF4B-00C04F79EFBC}") = "Dasmic.MLLib.Math.Matrix", "CodeBase\Math\Dasmic.MLLib.Math.Matrix\Dasmic.MLLib.Math.Matrix.csproj", "{F39AD4BE-201C-4CBC-868D-6D8B82877DB7}"
EndProject
Project("{FAE04EC0-301F-11D3-BF4B-00C04F79EFBC}") = "Dasmic.MLLib.Math.Statistics", "CodeBase\Math\Dasmic.MLLib.Math.Statistics\Dasmic.MLLib.Math.Statistics.csproj", "{E027C409-BFF8-48B0-B459-1371A3ACE636}"
EndProject
Project("{FAE04EC0-301F-11D3-BF4B-00C04F79EFBC}") = "Dasmic.MLLib.Algorithms.Regression", "CodeBase\Algorithms\Dasmic.MLLib.Algorithms.Regression\Dasmic.MLLib.Algorithms.Regression.csproj", "{DE7733E1-71B4-4AEA-8218-12BBC4576FEF}"
EndProject
Project("{FAE04EC0-301F-11D3-BF4B-00C04F79EFBC}") = "UnitTests.MLLib.Common.FileOperations", "UnitTests\Common\UnitTests.MLLib.Common.FileOperations\UnitTests.MLLib.Common.FileOperations.csproj", "{87C34712-10C3-4672-9E4B-6C796F6C2D0A}"
EndProject
Project("{FAE04EC0-301F-11D3-BF4B-00C04F79EFBC}") = "UnitTests.MLLib.Common.MLCore", "UnitTests\Common\UnitTests.MLLib.Common.MLCore\UnitTests.MLLib.Common.MLCore.csproj", "{1A12E098-95C1-4B99-B6C6-EEE44C246A71}"
EndProject
Project("{FAE04EC0-301F-11D3-BF4B-00C04F79EFBC}") = "Dasmic.MLLib.UnitTest.Core", "UnitTests\Dasmic.MLLib.UnitTest.Core\Dasmic.MLLib.UnitTest.Core.csproj", "{4F3E7868-2A4B-4CDB-9D79-DFB4CE9BB6E8}"
EndProject
Project("{FAE04EC0-301F-11D3-BF4B-00C04F79EFBC}") = "UnitTests.MLLib.Math.Statistics", "UnitTests\Math\UnitTests.MLLib.Math.Statistics\UnitTests.MLLib.Math.Statistics.csproj", "{7988BF75-8961-4D7F-BB4A-5CEB7AC03AE9}"
EndProject
Project("{FAE04EC0-301F-11D3-BF4B-00C04F79EFBC}") = "UnitTests.MLLib.Math.Matrix", "UnitTests\Math\UnitTests.MLLib.Math.Matrix\UnitTests.MLLib.Math.Matrix.csproj", "{947C3F44-8F76-432B-A016-752360AA7C46}"
EndProject
Project("{FAE04EC0-301F-11D3-BF4B-00C04F79EFBC}") = "UnitTests.MLLib.Algorithms.Regression", "UnitTests\Algorithms\UnitTests.MLLib.Algorithms.Regression\UnitTests.MLLib.Algorithms.Regression.csproj", "{BC9771EE-9AE4-460F-BB6A-198085773A9D}"
EndProject
Project("{FAE04EC0-301F-11D3-BF4B-00C04F79EFBC}") = "UnitTests.MLLib.Algorithms.DiscriminantAnalysis", "UnitTests\Algorithms\UnitTests.MLLib.Algorithms.DiscriminantAnalysis\UnitTests.MLLib.Algorithms.DiscriminantAnalysis.csproj", "{297D2C1F-F171-4984-B7D0-707C3A00347C}"
EndProject
Project("{FAE04EC0-301F-11D3-BF4B-00C04F79EFBC}") = "UnitTests.MLLib.Algorithms.DecisionTree", "UnitTests\Algorithms\UnitTests.MLLib.Algorithms.DecisionTree\UnitTests.MLLib.Algorithms.DecisionTree.csproj", "{A9D98840-F5AC-4EDB-81C9-2FC2BA9E9C95}"
EndProject
Project("{FAE04EC0-301F-11D3-BF4B-00C04F79EFBC}") = "UnitTests.MLLib.Algorithms.Bayesian", "UnitTests\Algorithms\UnitTests.MLLib.Algorithms.Bayesian\UnitTests.MLLib.Algorithms.Bayesian.csproj", "{FEC5D1E0-33D9-4CF9-A460-A0072F50D8AB}"
EndProject
Project("{FAE04EC0-301F-11D3-BF4B-00C04F79EFBC}") = "Dasmic.MLLib.Algorithms.NearestNeighbour", "CodeBase\Algorithms\Dasmic.MLLib.Algorithms.NearestNeighbour\Dasmic.MLLib.Algorithms.NearestNeighbour.csproj", "{22F213BE-1713-400A-B200-B382F076D45C}"
EndProject
Project("{FAE04EC0-301F-11D3-BF4B-00C04F79EFBC}") = "UnitTests.MLLib.Algorithms.NearestNeighbor", "UnitTests\Algorithms\UnitTests.MLLib.Algorithms.NearestNeighbor\UnitTests.MLLib.Algorithms.NearestNeighbor.csproj", "{A2B9180E-BCB1-4EB9-9648-835AADF9DA6F}"
EndProject
Project("{FAE04EC0-301F-11D3-BF4B-00C04F79EFBC}") = "Dasmic.MLLib.Algorithms.SupportVectorMachine", "CodeBase\Algorithms\Dasmic.MLLib.Algorithms.SupportVectorMachine\Dasmic.MLLib.Algorithms.SupportVectorMachine.csproj", "{D4706031-9C21-4AEE-A42F-4820E6E1FA89}"
EndProject
Project("{FAE04EC0-301F-11D3-BF4B-00C04F79EFBC}") = "UnitTests.MLLib.Algorithms.SupportVectorMachine", "UnitTests\Algorithms\UnitTests.MLLib.Algorithms.SupportVectorMachine\UnitTests.MLLib.Algorithms.SupportVectorMachine.csproj", "{F48964EC-1105-4185-8B0E-002FA2CAD0C5}"
EndProject
Project("{FAE04EC0-301F-11D3-BF4B-00C04F79EFBC}") = "Dasmic.MLLib.Algorithms.EnsembleCART", "CodeBase\Algorithms\Dasmic.MLLib.Algorithms.EnsembleCART\Dasmic.MLLib.Algorithms.EnsembleCART.csproj", "{AA71139A-F969-4BAC-BCA0-DEBB963EAAAE}"
EndProject
Project("{FAE04EC0-301F-11D3-BF4B-00C04F79EFBC}") = "UnitTests.MLLib.Algorithms.EnsembleCART", "UnitTests\Algorithms\UnitTests.MLLib.Algorithms.EnsembleCART\UnitTests.MLLib.Algorithms.EnsembleCART.csproj", "{D9EAE4D8-DDEA-45ED-B7DA-B40D3CE35E5F}"
EndProject
Project("{FAE04EC0-301F-11D3-BF4B-00C04F79EFBC}") = "Dasmic.MLLib.Algorithms.NeuralNetwork", "CodeBase\Algorithms\Dasmic.MLLib.Algorithms.NeuralNetwork\Dasmic.MLLib.Algorithms.NeuralNetwork.csproj", "{593079C2-0E07-403D-AAFA-3BAED1AC5E3F}"
EndProject
Project("{FAE04EC0-301F-11D3-BF4B-00C04F79EFBC}") = "UnitTests.MLLib.Algorithms.NeuralNetwork", "UnitTests\Algorithms\UnitTests.MLLib.Algorithms.NeuralNetwork\UnitTests.MLLib.Algorithms.NeuralNetwork.csproj", "{C6E540A6-650D-4BD5-9A95-4DF65787BFDC}"
EndProject
Project("{FAE04EC0-301F-11D3-BF4B-00C04F79EFBC}") = "Dasmic.MLLib.Common.Exceptions", "CodeBase\Common\Dasmic.MLLib.Common.Exceptions\Dasmic.MLLib.Common.Exceptions.csproj", "{EB918967-271B-4FA3-B0D4-08EE0BBFD691}"
EndProject
Project("{FAE04EC0-301F-11D3-BF4B-00C04F79EFBC}") = "Dasmic.MLLib.Common.IO", "CodeBase\Common\Dasmic.MLLib.Common.IO\Dasmic.MLLib.Common.IO.csproj", "{38D4D4E8-0141-4140-B851-109A86F19073}"
EndProject
Project("{FAE04EC0-301F-11D3-BF4B-00C04F79EFBC}") = "Dasmic.MLLib.Common.IO.Windows", "CodeBase\Common\Dasmic.MLLib.Common.IO.Windows\Dasmic.MLLib.Common.IO.Windows.csproj", "{23C8498D-04C2-4550-B58A-812F6ADAAE70}"
EndProject
Project("{FAE04EC0-301F-11D3-BF4B-00C04F79EFBC}") = "Dasmic.MLLib.Common.MLCore", "CodeBase\Common\Dasmic.MLLib.Common.MLCore\Dasmic.MLLib.Common.MLCore.csproj", "{75F34CD7-E4EA-4231-8696-170619009A35}"
EndProject
Project("{FAE04EC0-301F-11D3-BF4B-00C04F79EFBC}") = "Dasmic.Portable.Core", "CodeBase\Common\Dasmic.Portable.Core\Dasmic.Portable.Core.csproj", "{4B732DD3-7CA2-49B8-9984-49E749B006A2}"
EndProject
Project("{FAE04EC0-301F-11D3-BF4B-00C04F79EFBC}") = "Dasmic.MLLib.Algorithms.DimensionReduction", "CodeBase\Algorithms\Dasmic.MLLib.Algorithms.DimensionReduction\Dasmic.MLLib.Algorithms.DimensionReduction.csproj", "{126AD155-5ADF-471F-AD4E-7C708478FD2B}"
EndProject
Project("{FAE04EC0-301F-11D3-BF4B-00C04F79EFBC}") = "UnitTests.MLLib.Algorithms.DimensionReduction", "UnitTests\Algorithms\UnitTests.MLLib.Algorithms.DimensionReduction\UnitTests.MLLib.Algorithms.DimensionReduction.csproj", "{02342868-929D-4B7C-AF3F-62AEEF49C1CF}"
EndProject
Project("{FAE04EC0-301F-11D3-BF4B-00C04F79EFBC}") = "Dasmic.MLLib.Algorithms.InstanceBased", "CodeBase\Algorithms\Dasmic.MLLib.Algorithms.InstanceBased\Dasmic.MLLib.Algorithms.InstanceBased.csproj", "{9B07D4ED-520A-4689-AA0D-824F5937BBBC}"
EndProject
Project("{FAE04EC0-301F-11D3-BF4B-00C04F79EFBC}") = "UnitTests.MLLib.Algorithms.InstanceBased", "UnitTests\Algorithms\UnitTests.MLLib.Algorithms.InstanceBased\UnitTests.MLLib.Algorithms.InstanceBased.csproj", "{BE82AD54-31C6-43E2-ADA2-86C75CF4C05A}"
EndProject
Project("{FAE04EC0-301F-11D3-BF4B-00C04F79EFBC}") = "Dasmic.MLLib.Common.DataManagement", "CodeBase\Common\Dasmic.MLLib.Common.DataManagement\Dasmic.MLLib.Common.DataManagement.csproj", "{A187BAA3-076A-47EA-B165-427ED03E65BE}"
EndProject
Project("{FAE04EC0-301F-11D3-BF4B-00C04F79EFBC}") = "UnitTests.MLLib.Common.DataManagement", "UnitTests\Common\UnitTests.MLLib.Common.DataManagement\UnitTests.MLLib.Common.DataManagement.csproj", "{F9D56B96-FC96-4354-BEAD-781B9B67E64E}"
EndProject
Project("{FAE04EC0-301F-11D3-BF4B-00C04F79EFBC}") = "Dasmic.MLLib.Algorithms.DeepLearning", "CodeBase\Algorithms\Dasmic.MLLib.Algorithms.DeepLearning\Dasmic.MLLib.Algorithms.DeepLearning.csproj", "{D3074A36-0FD5-4AFF-AD13-F1DA7B697D18}"
EndProject
Project("{FAE04EC0-301F-11D3-BF4B-00C04F79EFBC}") = "UnitTests.MLLib.Algorithms.DeepLearning", "UnitTests\Algorithms\UnitTests.MLLib.Algorithms.DeepLearning\UnitTests.MLLib.Algorithms.DeepLearning.csproj", "{D0189B52-EA8C-4AF4-9F89-D054219A6587}"
EndProject
Global
	GlobalSection(SolutionConfigurationPlatforms) = preSolution
		Debug|Any CPU = Debug|Any CPU
		Release|Any CPU = Release|Any CPU
	EndGlobalSection
	GlobalSection(ProjectConfigurationPlatforms) = postSolution
		{A86062FD-B68C-48A5-85BD-50B66354987D}.Debug|Any CPU.ActiveCfg = Debug|Any CPU
		{A86062FD-B68C-48A5-85BD-50B66354987D}.Debug|Any CPU.Build.0 = Debug|Any CPU
		{A86062FD-B68C-48A5-85BD-50B66354987D}.Release|Any CPU.ActiveCfg = Release|Any CPU
		{A86062FD-B68C-48A5-85BD-50B66354987D}.Release|Any CPU.Build.0 = Release|Any CPU
		{8B92BCE2-C018-436B-B97B-95BA85422319}.Debug|Any CPU.ActiveCfg = Debug|Any CPU
		{8B92BCE2-C018-436B-B97B-95BA85422319}.Debug|Any CPU.Build.0 = Debug|Any CPU
		{8B92BCE2-C018-436B-B97B-95BA85422319}.Release|Any CPU.ActiveCfg = Release|Any CPU
		{8B92BCE2-C018-436B-B97B-95BA85422319}.Release|Any CPU.Build.0 = Release|Any CPU
		{C237EF28-DD52-4E7D-B1F0-677288CE0461}.Debug|Any CPU.ActiveCfg = Debug|Any CPU
		{C237EF28-DD52-4E7D-B1F0-677288CE0461}.Debug|Any CPU.Build.0 = Debug|Any CPU
		{C237EF28-DD52-4E7D-B1F0-677288CE0461}.Release|Any CPU.ActiveCfg = Release|Any CPU
		{C237EF28-DD52-4E7D-B1F0-677288CE0461}.Release|Any CPU.Build.0 = Release|Any CPU
		{F39AD4BE-201C-4CBC-868D-6D8B82877DB7}.Debug|Any CPU.ActiveCfg = Debug|Any CPU
		{F39AD4BE-201C-4CBC-868D-6D8B82877DB7}.Debug|Any CPU.Build.0 = Debug|Any CPU
		{F39AD4BE-201C-4CBC-868D-6D8B82877DB7}.Release|Any CPU.ActiveCfg = Release|Any CPU
		{F39AD4BE-201C-4CBC-868D-6D8B82877DB7}.Release|Any CPU.Build.0 = Release|Any CPU
		{E027C409-BFF8-48B0-B459-1371A3ACE636}.Debug|Any CPU.ActiveCfg = Debug|Any CPU
		{E027C409-BFF8-48B0-B459-1371A3ACE636}.Debug|Any CPU.Build.0 = Debug|Any CPU
		{E027C409-BFF8-48B0-B459-1371A3ACE636}.Release|Any CPU.ActiveCfg = Release|Any CPU
		{E027C409-BFF8-48B0-B459-1371A3ACE636}.Release|Any CPU.Build.0 = Release|Any CPU
		{DE7733E1-71B4-4AEA-8218-12BBC4576FEF}.Debug|Any CPU.ActiveCfg = Debug|Any CPU
		{DE7733E1-71B4-4AEA-8218-12BBC4576FEF}.Debug|Any CPU.Build.0 = Debug|Any CPU
		{DE7733E1-71B4-4AEA-8218-12BBC4576FEF}.Release|Any CPU.ActiveCfg = Release|Any CPU
		{DE7733E1-71B4-4AEA-8218-12BBC4576FEF}.Release|Any CPU.Build.0 = Release|Any CPU
		{87C34712-10C3-4672-9E4B-6C796F6C2D0A}.Debug|Any CPU.ActiveCfg = Debug|Any CPU
		{87C34712-10C3-4672-9E4B-6C796F6C2D0A}.Debug|Any CPU.Build.0 = Debug|Any CPU
		{87C34712-10C3-4672-9E4B-6C796F6C2D0A}.Release|Any CPU.ActiveCfg = Release|Any CPU
		{87C34712-10C3-4672-9E4B-6C796F6C2D0A}.Release|Any CPU.Build.0 = Release|Any CPU
		{1A12E098-95C1-4B99-B6C6-EEE44C246A71}.Debug|Any CPU.ActiveCfg = Debug|Any CPU
		{1A12E098-95C1-4B99-B6C6-EEE44C246A71}.Debug|Any CPU.Build.0 = Debug|Any CPU
		{1A12E098-95C1-4B99-B6C6-EEE44C246A71}.Release|Any CPU.ActiveCfg = Release|Any CPU
		{1A12E098-95C1-4B99-B6C6-EEE44C246A71}.Release|Any CPU.Build.0 = Release|Any CPU
		{4F3E7868-2A4B-4CDB-9D79-DFB4CE9BB6E8}.Debug|Any CPU.ActiveCfg = Debug|Any CPU
		{4F3E7868-2A4B-4CDB-9D79-DFB4CE9BB6E8}.Debug|Any CPU.Build.0 = Debug|Any CPU
		{4F3E7868-2A4B-4CDB-9D79-DFB4CE9BB6E8}.Release|Any CPU.ActiveCfg = Release|Any CPU
		{4F3E7868-2A4B-4CDB-9D79-DFB4CE9BB6E8}.Release|Any CPU.Build.0 = Release|Any CPU
		{7988BF75-8961-4D7F-BB4A-5CEB7AC03AE9}.Debug|Any CPU.ActiveCfg = Debug|Any CPU
		{7988BF75-8961-4D7F-BB4A-5CEB7AC03AE9}.Debug|Any CPU.Build.0 = Debug|Any CPU
		{7988BF75-8961-4D7F-BB4A-5CEB7AC03AE9}.Release|Any CPU.ActiveCfg = Release|Any CPU
		{7988BF75-8961-4D7F-BB4A-5CEB7AC03AE9}.Release|Any CPU.Build.0 = Release|Any CPU
		{947C3F44-8F76-432B-A016-752360AA7C46}.Debug|Any CPU.ActiveCfg = Debug|Any CPU
		{947C3F44-8F76-432B-A016-752360AA7C46}.Debug|Any CPU.Build.0 = Debug|Any CPU
		{947C3F44-8F76-432B-A016-752360AA7C46}.Release|Any CPU.ActiveCfg = Release|Any CPU
		{947C3F44-8F76-432B-A016-752360AA7C46}.Release|Any CPU.Build.0 = Release|Any CPU
		{BC9771EE-9AE4-460F-BB6A-198085773A9D}.Debug|Any CPU.ActiveCfg = Debug|Any CPU
		{BC9771EE-9AE4-460F-BB6A-198085773A9D}.Debug|Any CPU.Build.0 = Debug|Any CPU
		{BC9771EE-9AE4-460F-BB6A-198085773A9D}.Release|Any CPU.ActiveCfg = Release|Any CPU
		{BC9771EE-9AE4-460F-BB6A-198085773A9D}.Release|Any CPU.Build.0 = Release|Any CPU
		{297D2C1F-F171-4984-B7D0-707C3A00347C}.Debug|Any CPU.ActiveCfg = Debug|Any CPU
		{297D2C1F-F171-4984-B7D0-707C3A00347C}.Debug|Any CPU.Build.0 = Debug|Any CPU
		{297D2C1F-F171-4984-B7D0-707C3A00347C}.Release|Any CPU.ActiveCfg = Release|Any CPU
		{297D2C1F-F171-4984-B7D0-707C3A00347C}.Release|Any CPU.Build.0 = Release|Any CPU
		{A9D98840-F5AC-4EDB-81C9-2FC2BA9E9C95}.Debug|Any CPU.ActiveCfg = Debug|Any CPU
		{A9D98840-F5AC-4EDB-81C9-2FC2BA9E9C95}.Debug|Any CPU.Build.0 = Debug|Any CPU
		{A9D98840-F5AC-4EDB-81C9-2FC2BA9E9C95}.Release|Any CPU.ActiveCfg = Release|Any CPU
		{A9D98840-F5AC-4EDB-81C9-2FC2BA9E9C95}.Release|Any CPU.Build.0 = Release|Any CPU
		{FEC5D1E0-33D9-4CF9-A460-A0072F50D8AB}.Debug|Any CPU.ActiveCfg = Debug|Any CPU
		{FEC5D1E0-33D9-4CF9-A460-A0072F50D8AB}.Debug|Any CPU.Build.0 = Debug|Any CPU
		{FEC5D1E0-33D9-4CF9-A460-A0072F50D8AB}.Release|Any CPU.ActiveCfg = Release|Any CPU
		{FEC5D1E0-33D9-4CF9-A460-A0072F50D8AB}.Release|Any CPU.Build.0 = Release|Any CPU
		{22F213BE-1713-400A-B200-B382F076D45C}.Debug|Any CPU.ActiveCfg = Debug|Any CPU
		{22F213BE-1713-400A-B200-B382F076D45C}.Debug|Any CPU.Build.0 = Debug|Any CPU
		{22F213BE-1713-400A-B200-B382F076D45C}.Release|Any CPU.ActiveCfg = Release|Any CPU
		{22F213BE-1713-400A-B200-B382F076D45C}.Release|Any CPU.Build.0 = Release|Any CPU
		{A2B9180E-BCB1-4EB9-9648-835AADF9DA6F}.Debug|Any CPU.ActiveCfg = Debug|Any CPU
		{A2B9180E-BCB1-4EB9-9648-835AADF9DA6F}.Debug|Any CPU.Build.0 = Debug|Any CPU
		{A2B9180E-BCB1-4EB9-9648-835AADF9DA6F}.Release|Any CPU.ActiveCfg = Release|Any CPU
		{A2B9180E-BCB1-4EB9-9648-835AADF9DA6F}.Release|Any CPU.Build.0 = Release|Any CPU
		{D4706031-9C21-4AEE-A42F-4820E6E1FA89}.Debug|Any CPU.ActiveCfg = Debug|Any CPU
		{D4706031-9C21-4AEE-A42F-4820E6E1FA89}.Debug|Any CPU.Build.0 = Debug|Any CPU
		{D4706031-9C21-4AEE-A42F-4820E6E1FA89}.Release|Any CPU.ActiveCfg = Release|Any CPU
		{D4706031-9C21-4AEE-A42F-4820E6E1FA89}.Release|Any CPU.Build.0 = Release|Any CPU
		{F48964EC-1105-4185-8B0E-002FA2CAD0C5}.Debug|Any CPU.ActiveCfg = Debug|Any CPU
		{F48964EC-1105-4185-8B0E-002FA2CAD0C5}.Debug|Any CPU.Build.0 = Debug|Any CPU
		{F48964EC-1105-4185-8B0E-002FA2CAD0C5}.Release|Any CPU.ActiveCfg = Release|Any CPU
		{F48964EC-1105-4185-8B0E-002FA2CAD0C5}.Release|Any CPU.Build.0 = Release|Any CPU
		{AA71139A-F969-4BAC-BCA0-DEBB963EAAAE}.Debug|Any CPU.ActiveCfg = Debug|Any CPU
		{AA71139A-F969-4BAC-BCA0-DEBB963EAAAE}.Debug|Any CPU.Build.0 = Debug|Any CPU
		{AA71139A-F969-4BAC-BCA0-DEBB963EAAAE}.Release|Any CPU.ActiveCfg = Release|Any CPU
		{AA71139A-F969-4BAC-BCA0-DEBB963EAAAE}.Release|Any CPU.Build.0 = Release|Any CPU
		{D9EAE4D8-DDEA-45ED-B7DA-B40D3CE35E5F}.Debug|Any CPU.ActiveCfg = Debug|Any CPU
		{D9EAE4D8-DDEA-45ED-B7DA-B40D3CE35E5F}.Debug|Any CPU.Build.0 = Debug|Any CPU
		{D9EAE4D8-DDEA-45ED-B7DA-B40D3CE35E5F}.Release|Any CPU.ActiveCfg = Release|Any CPU
		{D9EAE4D8-DDEA-45ED-B7DA-B40D3CE35E5F}.Release|Any CPU.Build.0 = Release|Any CPU
		{593079C2-0E07-403D-AAFA-3BAED1AC5E3F}.Debug|Any CPU.ActiveCfg = Debug|Any CPU
		{593079C2-0E07-403D-AAFA-3BAED1AC5E3F}.Debug|Any CPU.Build.0 = Debug|Any CPU
		{593079C2-0E07-403D-AAFA-3BAED1AC5E3F}.Release|Any CPU.ActiveCfg = Release|Any CPU
		{593079C2-0E07-403D-AAFA-3BAED1AC5E3F}.Release|Any CPU.Build.0 = Release|Any CPU
		{C6E540A6-650D-4BD5-9A95-4DF65787BFDC}.Debug|Any CPU.ActiveCfg = Debug|Any CPU
		{C6E540A6-650D-4BD5-9A95-4DF65787BFDC}.Debug|Any CPU.Build.0 = Debug|Any CPU
		{C6E540A6-650D-4BD5-9A95-4DF65787BFDC}.Release|Any CPU.ActiveCfg = Release|Any CPU
		{C6E540A6-650D-4BD5-9A95-4DF65787BFDC}.Release|Any CPU.Build.0 = Release|Any CPU
		{EB918967-271B-4FA3-B0D4-08EE0BBFD691}.Debug|Any CPU.ActiveCfg = Debug|Any CPU
		{EB918967-271B-4FA3-B0D4-08EE0BBFD691}.Debug|Any CPU.Build.0 = Debug|Any CPU
		{EB918967-271B-4FA3-B0D4-08EE0BBFD691}.Release|Any CPU.ActiveCfg = Release|Any CPU
		{EB918967-271B-4FA3-B0D4-08EE0BBFD691}.Release|Any CPU.Build.0 = Release|Any CPU
		{38D4D4E8-0141-4140-B851-109A86F19073}.Debug|Any CPU.ActiveCfg = Debug|Any CPU
		{38D4D4E8-0141-4140-B851-109A86F19073}.Debug|Any CPU.Build.0 = Debug|Any CPU
		{38D4D4E8-0141-4140-B851-109A86F19073}.Release|Any CPU.ActiveCfg = Release|Any CPU
		{38D4D4E8-0141-4140-B851-109A86F19073}.Release|Any CPU.Build.0 = Release|Any CPU
		{23C8498D-04C2-4550-B58A-812F6ADAAE70}.Debug|Any CPU.ActiveCfg = Debug|Any CPU
		{23C8498D-04C2-4550-B58A-812F6ADAAE70}.Debug|Any CPU.Build.0 = Debug|Any CPU
		{23C8498D-04C2-4550-B58A-812F6ADAAE70}.Release|Any CPU.ActiveCfg = Release|Any CPU
		{23C8498D-04C2-4550-B58A-812F6ADAAE70}.Release|Any CPU.Build.0 = Release|Any CPU
		{75F34CD7-E4EA-4231-8696-170619009A35}.Debug|Any CPU.ActiveCfg = Debug|Any CPU
		{75F34CD7-E4EA-4231-8696-170619009A35}.Debug|Any CPU.Build.0 = Debug|Any CPU
		{75F34CD7-E4EA-4231-8696-170619009A35}.Release|Any CPU.ActiveCfg = Release|Any CPU
		{75F34CD7-E4EA-4231-8696-170619009A35}.Release|Any CPU.Build.0 = Release|Any CPU
		{4B732DD3-7CA2-49B8-9984-49E749B006A2}.Debug|Any CPU.ActiveCfg = Debug|Any CPU
		{4B732DD3-7CA2-49B8-9984-49E749B006A2}.Debug|Any CPU.Build.0 = Debug|Any CPU
		{4B732DD3-7CA2-49B8-9984-49E749B006A2}.Release|Any CPU.ActiveCfg = Release|Any CPU
		{4B732DD3-7CA2-49B8-9984-49E749B006A2}.Release|Any CPU.Build.0 = Release|Any CPU
		{126AD155-5ADF-471F-AD4E-7C708478FD2B}.Debug|Any CPU.ActiveCfg = Debug|Any CPU
		{126AD155-5ADF-471F-AD4E-7C708478FD2B}.Debug|Any CPU.Build.0 = Debug|Any CPU
		{126AD155-5ADF-471F-AD4E-7C708478FD2B}.Release|Any CPU.ActiveCfg = Release|Any CPU
		{126AD155-5ADF-471F-AD4E-7C708478FD2B}.Release|Any CPU.Build.0 = Release|Any CPU
		{02342868-929D-4B7C-AF3F-62AEEF49C1CF}.Debug|Any CPU.ActiveCfg = Debug|Any CPU
		{02342868-929D-4B7C-AF3F-62AEEF49C1CF}.Debug|Any CPU.Build.0 = Debug|Any CPU
		{02342868-929D-4B7C-AF3F-62AEEF49C1CF}.Release|Any CPU.ActiveCfg = Release|Any CPU
		{02342868-929D-4B7C-AF3F-62AEEF49C1CF}.Release|Any CPU.Build.0 = Release|Any CPU
		{9B07D4ED-520A-4689-AA0D-824F5937BBBC}.Debug|Any CPU.ActiveCfg = Debug|Any CPU
		{9B07D4ED-520A-4689-AA0D-824F5937BBBC}.Debug|Any CPU.Build.0 = Debug|Any CPU
		{9B07D4ED-520A-4689-AA0D-824F5937BBBC}.Release|Any CPU.ActiveCfg = Release|Any CPU
		{9B07D4ED-520A-4689-AA0D-824F5937BBBC}.Release|Any CPU.Build.0 = Release|Any CPU
		{BE82AD54-31C6-43E2-ADA2-86C75CF4C05A}.Debug|Any CPU.ActiveCfg = Debug|Any CPU
		{BE82AD54-31C6-43E2-ADA2-86C75CF4C05A}.Debug|Any CPU.Build.0 = Debug|Any CPU
		{BE82AD54-31C6-43E2-ADA2-86C75CF4C05A}.Release|Any CPU.ActiveCfg = Release|Any CPU
		{BE82AD54-31C6-43E2-ADA2-86C75CF4C05A}.Release|Any CPU.Build.0 = Release|Any CPU
		{A187BAA3-076A-47EA-B165-427ED03E65BE}.Debug|Any CPU.ActiveCfg = Debug|Any CPU
		{A187BAA3-076A-47EA-B165-427ED03E65BE}.Debug|Any CPU.Build.0 = Debug|Any CPU
		{A187BAA3-076A-47EA-B165-427ED03E65BE}.Release|Any CPU.ActiveCfg = Release|Any CPU
		{A187BAA3-076A-47EA-B165-427ED03E65BE}.Release|Any CPU.Build.0 = Release|Any CPU
		{F9D56B96-FC96-4354-BEAD-781B9B67E64E}.Debug|Any CPU.ActiveCfg = Debug|Any CPU
		{F9D56B96-FC96-4354-BEAD-781B9B67E64E}.Debug|Any CPU.Build.0 = Debug|Any CPU
		{F9D56B96-FC96-4354-BEAD-781B9B67E64E}.Release|Any CPU.ActiveCfg = Release|Any CPU
		{F9D56B96-FC96-4354-BEAD-781B9B67E64E}.Release|Any CPU.Build.0 = Release|Any CPU
		{D3074A36-0FD5-4AFF-AD13-F1DA7B697D18}.Debug|Any CPU.ActiveCfg = Debug|Any CPU
		{D3074A36-0FD5-4AFF-AD13-F1DA7B697D18}.Debug|Any CPU.Build.0 = Debug|Any CPU
		{D3074A36-0FD5-4AFF-AD13-F1DA7B697D18}.Release|Any CPU.ActiveCfg = Release|Any CPU
		{D3074A36-0FD5-4AFF-AD13-F1DA7B697D18}.Release|Any CPU.Build.0 = Release|Any CPU
		{D0189B52-EA8C-4AF4-9F89-D054219A6587}.Debug|Any CPU.ActiveCfg = Debug|Any CPU
		{D0189B52-EA8C-4AF4-9F89-D054219A6587}.Debug|Any CPU.Build.0 = Debug|Any CPU
		{D0189B52-EA8C-4AF4-9F89-D054219A6587}.Release|Any CPU.ActiveCfg = Release|Any CPU
		{D0189B52-EA8C-4AF4-9F89-D054219A6587}.Release|Any CPU.Build.0 = Release|Any CPU
	EndGlobalSection
	GlobalSection(SolutionProperties) = preSolution
		HideSolutionNode = FALSE
	EndGlobalSection
	GlobalSection(NestedProjects) = preSolution
		{3A786F7A-BACB-494A-BBDC-96D9C1B7685C} = {A0034838-89CE-4FE2-AA39-9AC1C213B75D}
		{BFC0E3DA-ED79-46B5-BC7D-04E3FB6D6E43} = {A0034838-89CE-4FE2-AA39-9AC1C213B75D}
		{F3412EB5-9243-492B-93D8-5D9B646B1F47} = {5A0E42D9-B8D8-4EFD-AAD9-0C15387A934C}
		{9FEDF872-BFF4-471C-B2C0-CDE555DFA043} = {5A0E42D9-B8D8-4EFD-AAD9-0C15387A934C}
		{6EF81B2F-B21E-4186-9CE1-32A9C41FA0BD} = {A0034838-89CE-4FE2-AA39-9AC1C213B75D}
		{25DF2998-FB66-455A-8600-CB24034EF373} = {5A0E42D9-B8D8-4EFD-AAD9-0C15387A934C}
		{A86062FD-B68C-48A5-85BD-50B66354987D} = {BFC0E3DA-ED79-46B5-BC7D-04E3FB6D6E43}
		{8B92BCE2-C018-436B-B97B-95BA85422319} = {BFC0E3DA-ED79-46B5-BC7D-04E3FB6D6E43}
		{C237EF28-DD52-4E7D-B1F0-677288CE0461} = {BFC0E3DA-ED79-46B5-BC7D-04E3FB6D6E43}
		{F39AD4BE-201C-4CBC-868D-6D8B82877DB7} = {6EF81B2F-B21E-4186-9CE1-32A9C41FA0BD}
		{E027C409-BFF8-48B0-B459-1371A3ACE636} = {6EF81B2F-B21E-4186-9CE1-32A9C41FA0BD}
		{DE7733E1-71B4-4AEA-8218-12BBC4576FEF} = {BFC0E3DA-ED79-46B5-BC7D-04E3FB6D6E43}
		{87C34712-10C3-4672-9E4B-6C796F6C2D0A} = {F3412EB5-9243-492B-93D8-5D9B646B1F47}
		{1A12E098-95C1-4B99-B6C6-EEE44C246A71} = {F3412EB5-9243-492B-93D8-5D9B646B1F47}
		{4F3E7868-2A4B-4CDB-9D79-DFB4CE9BB6E8} = {5A0E42D9-B8D8-4EFD-AAD9-0C15387A934C}
		{7988BF75-8961-4D7F-BB4A-5CEB7AC03AE9} = {25DF2998-FB66-455A-8600-CB24034EF373}
		{947C3F44-8F76-432B-A016-752360AA7C46} = {25DF2998-FB66-455A-8600-CB24034EF373}
		{BC9771EE-9AE4-460F-BB6A-198085773A9D} = {9FEDF872-BFF4-471C-B2C0-CDE555DFA043}
		{297D2C1F-F171-4984-B7D0-707C3A00347C} = {9FEDF872-BFF4-471C-B2C0-CDE555DFA043}
		{A9D98840-F5AC-4EDB-81C9-2FC2BA9E9C95} = {9FEDF872-BFF4-471C-B2C0-CDE555DFA043}
		{FEC5D1E0-33D9-4CF9-A460-A0072F50D8AB} = {9FEDF872-BFF4-471C-B2C0-CDE555DFA043}
		{22F213BE-1713-400A-B200-B382F076D45C} = {BFC0E3DA-ED79-46B5-BC7D-04E3FB6D6E43}
		{A2B9180E-BCB1-4EB9-9648-835AADF9DA6F} = {9FEDF872-BFF4-471C-B2C0-CDE555DFA043}
		{D4706031-9C21-4AEE-A42F-4820E6E1FA89} = {BFC0E3DA-ED79-46B5-BC7D-04E3FB6D6E43}
		{F48964EC-1105-4185-8B0E-002FA2CAD0C5} = {9FEDF872-BFF4-471C-B2C0-CDE555DFA043}
		{AA71139A-F969-4BAC-BCA0-DEBB963EAAAE} = {BFC0E3DA-ED79-46B5-BC7D-04E3FB6D6E43}
		{D9EAE4D8-DDEA-45ED-B7DA-B40D3CE35E5F} = {9FEDF872-BFF4-471C-B2C0-CDE555DFA043}
		{593079C2-0E07-403D-AAFA-3BAED1AC5E3F} = {BFC0E3DA-ED79-46B5-BC7D-04E3FB6D6E43}
		{C6E540A6-650D-4BD5-9A95-4DF65787BFDC} = {9FEDF872-BFF4-471C-B2C0-CDE555DFA043}
		{EB918967-271B-4FA3-B0D4-08EE0BBFD691} = {3A786F7A-BACB-494A-BBDC-96D9C1B7685C}
		{38D4D4E8-0141-4140-B851-109A86F19073} = {3A786F7A-BACB-494A-BBDC-96D9C1B7685C}
		{23C8498D-04C2-4550-B58A-812F6ADAAE70} = {3A786F7A-BACB-494A-BBDC-96D9C1B7685C}
		{75F34CD7-E4EA-4231-8696-170619009A35} = {3A786F7A-BACB-494A-BBDC-96D9C1B7685C}
		{4B732DD3-7CA2-49B8-9984-49E749B006A2} = {3A786F7A-BACB-494A-BBDC-96D9C1B7685C}
		{126AD155-5ADF-471F-AD4E-7C708478FD2B} = {BFC0E3DA-ED79-46B5-BC7D-04E3FB6D6E43}
		{02342868-929D-4B7C-AF3F-62AEEF49C1CF} = {9FEDF872-BFF4-471C-B2C0-CDE555DFA043}
		{9B07D4ED-520A-4689-AA0D-824F5937BBBC} = {BFC0E3DA-ED79-46B5-BC7D-04E3FB6D6E43}
		{BE82AD54-31C6-43E2-ADA2-86C75CF4C05A} = {9FEDF872-BFF4-471C-B2C0-CDE555DFA043}
		{A187BAA3-076A-47EA-B165-427ED03E65BE} = {3A786F7A-BACB-494A-BBDC-96D9C1B7685C}
		{F9D56B96-FC96-4354-BEAD-781B9B67E64E} = {F3412EB5-9243-492B-93D8-5D9B646B1F47}
		{D3074A36-0FD5-4AFF-AD13-F1DA7B697D18} = {BFC0E3DA-ED79-46B5-BC7D-04E3FB6D6E43}
		{D0189B52-EA8C-4AF4-9F89-D054219A6587} = {9FEDF872-BFF4-471C-B2C0-CDE555DFA043}
	EndGlobalSection
EndGlobal
